
Microsoft Visual Studio Solution File, Format Version 12.00
# Visual Studio 2013
VisualStudioVersion = 12.0.40629.0
MinimumVisualStudioVersion = 10.0.40219.1
Project("{2150E333-8FDC-42A3-9474-1A3956D46DE8}") = "Jobs", "Jobs", "{C97FFAC1-83D4-41FD-A7D7-47EA30541D7D}"
EndProject
Project("{FAE04EC0-301F-11D3-BF4B-00C04F79EFBC}") = "BetsKiller.Tests", "BetsKiller.Tests\BetsKiller.Tests.csproj", "{CAAB7911-5C53-4E7D-9AAE-F6198F5663B1}"
EndProject
Project("{FAE04EC0-301F-11D3-BF4B-00C04F79EFBC}") = "BetsKiller.DAL", "BetsKiller.DAL\BetsKiller.DAL.csproj", "{95D8A777-E15D-42B4-9DAB-A65AC58E723E}"
EndProject
Project("{FAE04EC0-301F-11D3-BF4B-00C04F79EFBC}") = "BetsKiller.Model", "BetsKiller.Model\BetsKiller.Model.csproj", "{230890ED-DCE1-4656-A47E-66DC5CCE705D}"
EndProject
Project("{FAE04EC0-301F-11D3-BF4B-00C04F79EFBC}") = "BetsKiller.ViewModel", "BetsKiller.ViewModel\BetsKiller.ViewModel.csproj", "{E58C2AA2-9579-43F1-B8A7-A37C9C12B256}"
EndProject
Project("{FAE04EC0-301F-11D3-BF4B-00C04F79EFBC}") = "BetsKiller.BL", "BetsKiller.BL\BetsKiller.BL.csproj", "{83994B17-D3A3-4B40-9A89-73CC50F0887A}"
EndProject
Project("{FAE04EC0-301F-11D3-BF4B-00C04F79EFBC}") = "BetsKiller.Web", "BetsKiller.Web\BetsKiller.Web.csproj", "{9A71A926-6C1D-4FA5-8442-C48477769F9F}"
EndProject
Project("{FAE04EC0-301F-11D3-BF4B-00C04F79EFBC}") = "BetsKiller.Helper", "BetsKiller.Helper\BetsKiller.Helper.csproj", "{18CEE436-649F-4C28-81A3-D7FAD6E93ADF}"
EndProject
Project("{2150E333-8FDC-42A3-9474-1A3956D46DE8}") = "API", "API", "{EDA29BCB-C9DA-4FE6-9545-A1B84841D66C}"
EndProject
Project("{FAE04EC0-301F-11D3-BF4B-00C04F79EFBC}") = "BetsKiller.API.Erikberg", "BetsKiller.API.Erikberg\BetsKiller.API.Erikberg.csproj", "{0ABF99A4-9B55-4F6D-A95A-E18435B7A881}"
EndProject
Project("{FAE04EC0-301F-11D3-BF4B-00C04F79EFBC}") = "BetsKiller.API.SportsDatabase", "BetsKiller.API.SportsDatabase\BetsKiller.API.SportsDatabase.csproj", "{33D4CE60-5249-4003-BD11-D66E0225B26E}"
EndProject
Project("{FAE04EC0-301F-11D3-BF4B-00C04F79EFBC}") = "BetsKiller.API.NBAcom", "BetsKiller.API.NBAcom\BetsKiller.API.NBAcom.csproj", "{C59B888F-739E-4DF5-97B1-7D95782A071D}"
EndProject
Project("{FAE04EC0-301F-11D3-BF4B-00C04F79EFBC}") = "BetsKiller.API.Rotoworld", "BetsKiller.API.Rotoworld\BetsKiller.API.Rotoworld.csproj", "{7025707D-1405-4411-96BD-BFBFE8C531EC}"
EndProject
Project("{FAE04EC0-301F-11D3-BF4B-00C04F79EFBC}") = "BetsKiller.Jobs.EveryDay9", "BetsKiller.Jobs.EveryDay9\BetsKiller.Jobs.EveryDay9.csproj", "{16E0042F-03D3-4253-B20E-EBAAE0D9A3A5}"
EndProject
Project("{FAE04EC0-301F-11D3-BF4B-00C04F79EFBC}") = "BetsKiller.Jobs.EveryMonday10", "BetsKiller.Jobs.EveryMonday10\BetsKiller.Jobs.EveryMonday10.csproj", "{3DF633F7-F088-474B-AF51-F57989CA22E3}"
EndProject
Project("{FAE04EC0-301F-11D3-BF4B-00C04F79EFBC}") = "BetsKiller.Jobs.EveryHours8", "BetsKiller.Jobs.EveryHours8\BetsKiller.Jobs.EveryHours8.csproj", "{343D092F-8CFE-4186-995D-0E3A90142F7A}"
EndProject
Project("{FAE04EC0-301F-11D3-BF4B-00C04F79EFBC}") = "BetsKiller.Jobs.EveryMonday15", "BetsKiller.Jobs.EveryMonday15\BetsKiller.Jobs.EveryMonday15.csproj", "{9056A50D-3533-44E4-9A79-11C00A4D3312}"
EndProject
Project("{FAE04EC0-301F-11D3-BF4B-00C04F79EFBC}") = "BetsKiller.Jobs.LoadSeasonsScheduleResults", "BetsKiller.Jobs.LoadSeasonsScheduleResults\BetsKiller.Jobs.LoadSeasonsScheduleResults.csproj", "{1600EA99-206C-4A44-9959-036D2E477846}"
EndProject
Project("{FAE04EC0-301F-11D3-BF4B-00C04F79EFBC}") = "BetsKiller.Jobs.Mail", "BetsKiller.Jobs.Mail\BetsKiller.Jobs.Mail.csproj", "{D637B24D-39D7-4F8A-836D-DEE2E465E48E}"
EndProject
Project("{FAE04EC0-301F-11D3-BF4B-00C04F79EFBC}") = "BetsKiller.Jobs", "BetsKiller.Jobs\BetsKiller.Jobs.csproj", "{DAFA2DED-1FA7-4EAC-A1E2-D7DABD123BC1}"
EndProject
Project("{FAE04EC0-301F-11D3-BF4B-00C04F79EFBC}") = "BetsKiller.Jobs.EveryDay0", "BetsKiller.Jobs.EveryDay0\BetsKiller.Jobs.EveryDay0.csproj", "{BB29BB10-2287-40C2-9C4A-DF9225FD1A02}"
EndProject
Global
	GlobalSection(SolutionConfigurationPlatforms) = preSolution
		Debug|Any CPU = Debug|Any CPU
		Release|Any CPU = Release|Any CPU
	EndGlobalSection
	GlobalSection(ProjectConfigurationPlatforms) = postSolution
		{CAAB7911-5C53-4E7D-9AAE-F6198F5663B1}.Debug|Any CPU.ActiveCfg = Debug|Any CPU
		{CAAB7911-5C53-4E7D-9AAE-F6198F5663B1}.Debug|Any CPU.Build.0 = Debug|Any CPU
		{CAAB7911-5C53-4E7D-9AAE-F6198F5663B1}.Release|Any CPU.ActiveCfg = Release|Any CPU
		{CAAB7911-5C53-4E7D-9AAE-F6198F5663B1}.Release|Any CPU.Build.0 = Release|Any CPU
		{95D8A777-E15D-42B4-9DAB-A65AC58E723E}.Debug|Any CPU.ActiveCfg = Debug|Any CPU
		{95D8A777-E15D-42B4-9DAB-A65AC58E723E}.Debug|Any CPU.Build.0 = Debug|Any CPU
		{95D8A777-E15D-42B4-9DAB-A65AC58E723E}.Release|Any CPU.ActiveCfg = Release|Any CPU
		{95D8A777-E15D-42B4-9DAB-A65AC58E723E}.Release|Any CPU.Build.0 = Release|Any CPU
		{230890ED-DCE1-4656-A47E-66DC5CCE705D}.Debug|Any CPU.ActiveCfg = Debug|Any CPU
		{230890ED-DCE1-4656-A47E-66DC5CCE705D}.Debug|Any CPU.Build.0 = Debug|Any CPU
		{230890ED-DCE1-4656-A47E-66DC5CCE705D}.Release|Any CPU.ActiveCfg = Release|Any CPU
		{230890ED-DCE1-4656-A47E-66DC5CCE705D}.Release|Any CPU.Build.0 = Release|Any CPU
		{E58C2AA2-9579-43F1-B8A7-A37C9C12B256}.Debug|Any CPU.ActiveCfg = Debug|Any CPU
		{E58C2AA2-9579-43F1-B8A7-A37C9C12B256}.Debug|Any CPU.Build.0 = Debug|Any CPU
		{E58C2AA2-9579-43F1-B8A7-A37C9C12B256}.Release|Any CPU.ActiveCfg = Release|Any CPU
		{E58C2AA2-9579-43F1-B8A7-A37C9C12B256}.Release|Any CPU.Build.0 = Release|Any CPU
		{83994B17-D3A3-4B40-9A89-73CC50F0887A}.Debug|Any CPU.ActiveCfg = Debug|Any CPU
		{83994B17-D3A3-4B40-9A89-73CC50F0887A}.Debug|Any CPU.Build.0 = Debug|Any CPU
		{83994B17-D3A3-4B40-9A89-73CC50F0887A}.Release|Any CPU.ActiveCfg = Release|Any CPU
		{83994B17-D3A3-4B40-9A89-73CC50F0887A}.Release|Any CPU.Build.0 = Release|Any CPU
		{9A71A926-6C1D-4FA5-8442-C48477769F9F}.Debug|Any CPU.ActiveCfg = Debug|Any CPU
		{9A71A926-6C1D-4FA5-8442-C48477769F9F}.Debug|Any CPU.Build.0 = Debug|Any CPU
		{9A71A926-6C1D-4FA5-8442-C48477769F9F}.Release|Any CPU.ActiveCfg = Release|Any CPU
		{9A71A926-6C1D-4FA5-8442-C48477769F9F}.Release|Any CPU.Build.0 = Release|Any CPU
		{18CEE436-649F-4C28-81A3-D7FAD6E93ADF}.Debug|Any CPU.ActiveCfg = Debug|Any CPU
		{18CEE436-649F-4C28-81A3-D7FAD6E93ADF}.Debug|Any CPU.Build.0 = Debug|Any CPU
		{18CEE436-649F-4C28-81A3-D7FAD6E93ADF}.Release|Any CPU.ActiveCfg = Release|Any CPU
		{18CEE436-649F-4C28-81A3-D7FAD6E93ADF}.Release|Any CPU.Build.0 = Release|Any CPU
		{0ABF99A4-9B55-4F6D-A95A-E18435B7A881}.Debug|Any CPU.ActiveCfg = Debug|Any CPU
		{0ABF99A4-9B55-4F6D-A95A-E18435B7A881}.Debug|Any CPU.Build.0 = Debug|Any CPU
		{0ABF99A4-9B55-4F6D-A95A-E18435B7A881}.Release|Any CPU.ActiveCfg = Release|Any CPU
		{0ABF99A4-9B55-4F6D-A95A-E18435B7A881}.Release|Any CPU.Build.0 = Release|Any CPU
		{33D4CE60-5249-4003-BD11-D66E0225B26E}.Debug|Any CPU.ActiveCfg = Debug|Any CPU
		{33D4CE60-5249-4003-BD11-D66E0225B26E}.Debug|Any CPU.Build.0 = Debug|Any CPU
		{33D4CE60-5249-4003-BD11-D66E0225B26E}.Release|Any CPU.ActiveCfg = Release|Any CPU
		{33D4CE60-5249-4003-BD11-D66E0225B26E}.Release|Any CPU.Build.0 = Release|Any CPU
		{C59B888F-739E-4DF5-97B1-7D95782A071D}.Debug|Any CPU.ActiveCfg = Debug|Any CPU
		{C59B888F-739E-4DF5-97B1-7D95782A071D}.Debug|Any CPU.Build.0 = Debug|Any CPU
		{C59B888F-739E-4DF5-97B1-7D95782A071D}.Release|Any CPU.ActiveCfg = Release|Any CPU
		{C59B888F-739E-4DF5-97B1-7D95782A071D}.Release|Any CPU.Build.0 = Release|Any CPU
		{7025707D-1405-4411-96BD-BFBFE8C531EC}.Debug|Any CPU.ActiveCfg = Debug|Any CPU
		{7025707D-1405-4411-96BD-BFBFE8C531EC}.Debug|Any CPU.Build.0 = Debug|Any CPU
		{7025707D-1405-4411-96BD-BFBFE8C531EC}.Release|Any CPU.ActiveCfg = Release|Any CPU
		{7025707D-1405-4411-96BD-BFBFE8C531EC}.Release|Any CPU.Build.0 = Release|Any CPU
		{16E0042F-03D3-4253-B20E-EBAAE0D9A3A5}.Debug|Any CPU.ActiveCfg = Debug|Any CPU
		{16E0042F-03D3-4253-B20E-EBAAE0D9A3A5}.Debug|Any CPU.Build.0 = Debug|Any CPU
		{16E0042F-03D3-4253-B20E-EBAAE0D9A3A5}.Release|Any CPU.ActiveCfg = Release|Any CPU
		{16E0042F-03D3-4253-B20E-EBAAE0D9A3A5}.Release|Any CPU.Build.0 = Release|Any CPU
		{3DF633F7-F088-474B-AF51-F57989CA22E3}.Debug|Any CPU.ActiveCfg = Debug|Any CPU
		{3DF633F7-F088-474B-AF51-F57989CA22E3}.Debug|Any CPU.Build.0 = Debug|Any CPU
		{3DF633F7-F088-474B-AF51-F57989CA22E3}.Release|Any CPU.ActiveCfg = Release|Any CPU
		{3DF633F7-F088-474B-AF51-F57989CA22E3}.Release|Any CPU.Build.0 = Release|Any CPU
		{343D092F-8CFE-4186-995D-0E3A90142F7A}.Debug|Any CPU.ActiveCfg = Debug|Any CPU
		{343D092F-8CFE-4186-995D-0E3A90142F7A}.Debug|Any CPU.Build.0 = Debug|Any CPU
		{343D092F-8CFE-4186-995D-0E3A90142F7A}.Release|Any CPU.ActiveCfg = Release|Any CPU
		{343D092F-8CFE-4186-995D-0E3A90142F7A}.Release|Any CPU.Build.0 = Release|Any CPU
		{9056A50D-3533-44E4-9A79-11C00A4D3312}.Debug|Any CPU.ActiveCfg = Debug|Any CPU
		{9056A50D-3533-44E4-9A79-11C00A4D3312}.Debug|Any CPU.Build.0 = Debug|Any CPU
		{9056A50D-3533-44E4-9A79-11C00A4D3312}.Release|Any CPU.ActiveCfg = Release|Any CPU
		{9056A50D-3533-44E4-9A79-11C00A4D3312}.Release|Any CPU.Build.0 = Release|Any CPU
		{1600EA99-206C-4A44-9959-036D2E477846}.Debug|Any CPU.ActiveCfg = Debug|Any CPU
		{1600EA99-206C-4A44-9959-036D2E477846}.Debug|Any CPU.Build.0 = Debug|Any CPU
		{1600EA99-206C-4A44-9959-036D2E477846}.Release|Any CPU.ActiveCfg = Release|Any CPU
		{1600EA99-206C-4A44-9959-036D2E477846}.Release|Any CPU.Build.0 = Release|Any CPU
		{D637B24D-39D7-4F8A-836D-DEE2E465E48E}.Debug|Any CPU.ActiveCfg = Debug|Any CPU
		{D637B24D-39D7-4F8A-836D-DEE2E465E48E}.Debug|Any CPU.Build.0 = Debug|Any CPU
		{D637B24D-39D7-4F8A-836D-DEE2E465E48E}.Release|Any CPU.ActiveCfg = Release|Any CPU
		{D637B24D-39D7-4F8A-836D-DEE2E465E48E}.Release|Any CPU.Build.0 = Release|Any CPU
		{DAFA2DED-1FA7-4EAC-A1E2-D7DABD123BC1}.Debug|Any CPU.ActiveCfg = Debug|Any CPU
		{DAFA2DED-1FA7-4EAC-A1E2-D7DABD123BC1}.Debug|Any CPU.Build.0 = Debug|Any CPU
		{DAFA2DED-1FA7-4EAC-A1E2-D7DABD123BC1}.Release|Any CPU.ActiveCfg = Release|Any CPU
		{DAFA2DED-1FA7-4EAC-A1E2-D7DABD123BC1}.Release|Any CPU.Build.0 = Release|Any CPU
		{BB29BB10-2287-40C2-9C4A-DF9225FD1A02}.Debug|Any CPU.ActiveCfg = Debug|Any CPU
		{BB29BB10-2287-40C2-9C4A-DF9225FD1A02}.Debug|Any CPU.Build.0 = Debug|Any CPU
		{BB29BB10-2287-40C2-9C4A-DF9225FD1A02}.Release|Any CPU.ActiveCfg = Release|Any CPU
		{BB29BB10-2287-40C2-9C4A-DF9225FD1A02}.Release|Any CPU.Build.0 = Release|Any CPU
	EndGlobalSection
	GlobalSection(SolutionProperties) = preSolution
		HideSolutionNode = FALSE
	EndGlobalSection
	GlobalSection(NestedProjects) = preSolution
		{0ABF99A4-9B55-4F6D-A95A-E18435B7A881} = {EDA29BCB-C9DA-4FE6-9545-A1B84841D66C}
		{33D4CE60-5249-4003-BD11-D66E0225B26E} = {EDA29BCB-C9DA-4FE6-9545-A1B84841D66C}
		{C59B888F-739E-4DF5-97B1-7D95782A071D} = {EDA29BCB-C9DA-4FE6-9545-A1B84841D66C}
		{7025707D-1405-4411-96BD-BFBFE8C531EC} = {EDA29BCB-C9DA-4FE6-9545-A1B84841D66C}
		{16E0042F-03D3-4253-B20E-EBAAE0D9A3A5} = {C97FFAC1-83D4-41FD-A7D7-47EA30541D7D}
		{3DF633F7-F088-474B-AF51-F57989CA22E3} = {C97FFAC1-83D4-41FD-A7D7-47EA30541D7D}
		{343D092F-8CFE-4186-995D-0E3A90142F7A} = {C97FFAC1-83D4-41FD-A7D7-47EA30541D7D}
		{9056A50D-3533-44E4-9A79-11C00A4D3312} = {C97FFAC1-83D4-41FD-A7D7-47EA30541D7D}
		{1600EA99-206C-4A44-9959-036D2E477846} = {C97FFAC1-83D4-41FD-A7D7-47EA30541D7D}
		{D637B24D-39D7-4F8A-836D-DEE2E465E48E} = {C97FFAC1-83D4-41FD-A7D7-47EA30541D7D}
		{DAFA2DED-1FA7-4EAC-A1E2-D7DABD123BC1} = {C97FFAC1-83D4-41FD-A7D7-47EA30541D7D}
		{BB29BB10-2287-40C2-9C4A-DF9225FD1A02} = {C97FFAC1-83D4-41FD-A7D7-47EA30541D7D}
	EndGlobalSection
EndGlobal
